
Microsoft Visual Studio Solution File, Format Version 12.00
# Visual Studio 14
VisualStudioVersion = 14.0.25420.1
MinimumVisualStudioVersion = 10.0.40219.1
Project("{FAE04EC0-301F-11D3-BF4B-00C04F79EFBC}") = "ChallengeSimpleDarts", "ChallengeSimpleDarts\ChallengeSimpleDarts.csproj", "{A6AACA8C-B7CE-44A3-961B-E45E5F13D205}"
EndProject
Project("{FAE04EC0-301F-11D3-BF4B-00C04F79EFBC}") = "Darts", "Darts\Darts.csproj", "{16BC641E-B796-4685-96C2-ABE88A4B9F04}"
EndProject
Global
	GlobalSection(SolutionConfigurationPlatforms) = preSolution
		Debug|Any CPU = Debug|Any CPU
		Release|Any CPU = Release|Any CPU
	EndGlobalSection
	GlobalSection(ProjectConfigurationPlatforms) = postSolution
		{A6AACA8C-B7CE-44A3-961B-E45E5F13D205}.Debug|Any CPU.ActiveCfg = Debug|Any CPU
		{A6AACA8C-B7CE-44A3-961B-E45E5F13D205}.Debug|Any CPU.Build.0 = Debug|Any CPU
		{A6AACA8C-B7CE-44A3-961B-E45E5F13D205}.Release|Any CPU.ActiveCfg = Release|Any CPU
		{A6AACA8C-B7CE-44A3-961B-E45E5F13D205}.Release|Any CPU.Build.0 = Release|Any CPU
		{16BC641E-B796-4685-96C2-ABE88A4B9F04}.Debug|Any CPU.ActiveCfg = Debug|Any CPU
		{16BC641E-B796-4685-96C2-ABE88A4B9F04}.Debug|Any CPU.Build.0 = Debug|Any CPU
		{16BC641E-B796-4685-96C2-ABE88A4B9F04}.Release|Any CPU.ActiveCfg = Release|Any CPU
		{16BC641E-B796-4685-96C2-ABE88A4B9F04}.Release|Any CPU.Build.0 = Release|Any CPU
	EndGlobalSection
	GlobalSection(SolutionProperties) = preSolution
		HideSolutionNode = FALSE
	EndGlobalSection
EndGlobal
